
Microsoft Visual Studio Solution File, Format Version 12.00
# Visual Studio Version 17
VisualStudioVersion = 17.13.35806.99 d17.13
MinimumVisualStudioVersion = 10.0.40219.1
Project("{FAE04EC0-301F-11D3-BF4B-00C04F79EFBC}") = "IceTask3", "IceTask3.csproj", "{F67A4975-C9D9-4199-B6DC-60B6580BAC46}"
EndProject
Global
	GlobalSection(SolutionConfigurationPlatforms) = preSolution
		Debug|Any CPU = Debug|Any CPU
		Release|Any CPU = Release|Any CPU
	EndGlobalSection
	GlobalSection(ProjectConfigurationPlatforms) = postSolution
		{F67A4975-C9D9-4199-B6DC-60B6580BAC46}.Debug|Any CPU.ActiveCfg = Debug|Any CPU
		{F67A4975-C9D9-4199-B6DC-60B6580BAC46}.Debug|Any CPU.Build.0 = Debug|Any CPU
		{F67A4975-C9D9-4199-B6DC-60B6580BAC46}.Release|Any CPU.ActiveCfg = Release|Any CPU
		{F67A4975-C9D9-4199-B6DC-60B6580BAC46}.Release|Any CPU.Build.0 = Release|Any CPU
	EndGlobalSection
	GlobalSection(SolutionProperties) = preSolution
		HideSolutionNode = FALSE
	EndGlobalSection
	GlobalSection(ExtensibilityGlobals) = postSolution
		SolutionGuid = {EB32D265-A3C4-42C3-9D40-62F2127FB009}
	EndGlobalSection
EndGlobal
